# This file is automatically @generated by Poetry and should not be changed by hand.

[[package]]
name = "attrs"
version = "22.2.0"
description = "Classes Without Boilerplate"
category = "dev"
optional = false
python-versions = ">=3.6"
files = [
    {file = "attrs-22.2.0-py3-none-any.whl", hash = "sha256:29e95c7f6778868dbd49170f98f8818f78f3dc5e0e37c0b1f474e3561b240836"},
    {file = "attrs-22.2.0.tar.gz", hash = "sha256:c9227bfc2f01993c03f68db37d1d15c9690188323c067c641f1a35ca58185f99"},
]

[package.extras]
cov = ["attrs[tests]", "coverage-enable-subprocess", "coverage[toml] (>=5.3)"]
dev = ["attrs[docs,tests]"]
docs = ["furo", "myst-parser", "sphinx", "sphinx-notfound-page", "sphinxcontrib-towncrier", "towncrier", "zope.interface"]
tests = ["attrs[tests-no-zope]", "zope.interface"]
tests-no-zope = ["cloudpickle", "cloudpickle", "hypothesis", "hypothesis", "mypy (>=0.971,<0.990)", "mypy (>=0.971,<0.990)", "pympler", "pympler", "pytest (>=4.3.0)", "pytest (>=4.3.0)", "pytest-mypy-plugins", "pytest-mypy-plugins", "pytest-xdist[psutil]", "pytest-xdist[psutil]"]

[[package]]
name = "colorama"
version = "0.4.6"
description = "Cross-platform colored terminal text."
category = "dev"
optional = false
python-versions = "!=3.0.*,!=3.1.*,!=3.2.*,!=3.3.*,!=3.4.*,!=3.5.*,!=3.6.*,>=2.7"
files = [
    {file = "colorama-0.4.6-py2.py3-none-any.whl", hash = "sha256:4f1d9991f5acc0ca119f9d443620b77f9d6b33703e51011c16baf57afb285fc6"},
    {file = "colorama-0.4.6.tar.gz", hash = "sha256:08695f5cb7ed6e0531a20572697297273c47b8cae5a63ffc6d6ed5c201be6e44"},
]

[[package]]
name = "exceptiongroup"
version = "1.1.0"
description = "Backport of PEP 654 (exception groups)"
category = "dev"
optional = false
python-versions = ">=3.7"
files = [
    {file = "exceptiongroup-1.1.0-py3-none-any.whl", hash = "sha256:327cbda3da756e2de031a3107b81ab7b3770a602c4d16ca618298c526f4bec1e"},
    {file = "exceptiongroup-1.1.0.tar.gz", hash = "sha256:bcb67d800a4497e1b404c2dd44fca47d3b7a5e5433dbab67f96c1a685cdfdf23"},
]

[package.extras]
test = ["pytest (>=6)"]

[[package]]
name = "fsspec"
version = "2023.1.0"
description = "File-system specification"
category = "main"
optional = false
python-versions = ">=3.7"
files = [
    {file = "fsspec-2023.1.0-py3-none-any.whl", hash = "sha256:b833e2e541e9e8cde0ab549414187871243177feb3d344f9d27b25a93f5d8139"},
    {file = "fsspec-2023.1.0.tar.gz", hash = "sha256:fbae7f20ff801eb5f7d0bedf81f25c787c0dfac5e982d98fa3884a9cde2b5411"},
]

[package.extras]
abfs = ["adlfs"]
adl = ["adlfs"]
arrow = ["pyarrow (>=1)"]
dask = ["dask", "distributed"]
dropbox = ["dropbox", "dropboxdrivefs", "requests"]
entrypoints = ["importlib-metadata"]
fuse = ["fusepy"]
gcs = ["gcsfs"]
git = ["pygit2"]
github = ["requests"]
gs = ["gcsfs"]
gui = ["panel"]
hdfs = ["pyarrow (>=1)"]
http = ["aiohttp (!=4.0.0a0,!=4.0.0a1)", "requests"]
libarchive = ["libarchive-c"]
oci = ["ocifs"]
s3 = ["s3fs"]
sftp = ["paramiko"]
smb = ["smbprotocol"]
ssh = ["paramiko"]
tqdm = ["tqdm"]

[[package]]
name = "iniconfig"
version = "2.0.0"
description = "brain-dead simple config-ini parsing"
category = "dev"
optional = false
python-versions = ">=3.7"
files = [
    {file = "iniconfig-2.0.0-py3-none-any.whl", hash = "sha256:b6a85871a79d2e3b22d2d1b94ac2824226a63c6b741c88f7ae975f18b6778374"},
    {file = "iniconfig-2.0.0.tar.gz", hash = "sha256:2d91e135bf72d31a410b17c16da610a82cb55f6b0477d1a902134b24a455b8b3"},
]

[[package]]
name = "msgspec"
version = "0.12.0"
description = "A fast and friendly JSON/MessagePack library, with optional schema validation"
category = "main"
optional = false
python-versions = ">=3.8"
files = [
    {file = "msgspec-0.12.0-cp310-cp310-macosx_10_9_x86_64.whl", hash = "sha256:3b3b193fc6e5399040f2c657f2fe77962b8d39bddb9923d4e4850e2e8111ef83"},
    {file = "msgspec-0.12.0-cp310-cp310-macosx_11_0_arm64.whl", hash = "sha256:6b90c8aa5b029f8fb8f9a4e71429cb37b4110382731058f7c4dfa125a005c459"},
    {file = "msgspec-0.12.0-cp310-cp310-manylinux_2_17_aarch64.manylinux2014_aarch64.whl", hash = "sha256:78cbcabfa413edc281f0f9bb652b42a3092cb289c31dc4489e7d896e615581fb"},
    {file = "msgspec-0.12.0-cp310-cp310-manylinux_2_17_x86_64.manylinux2014_x86_64.whl", hash = "sha256:be9e4eeea7f47c0a7c522afb4697d9618cb38e81e52130c9b15ad5279a69d153"},
    {file = "msgspec-0.12.0-cp310-cp310-musllinux_1_1_aarch64.whl", hash = "sha256:e581459710a53d240ad579bb7fbe2b64767003c3d06254f17c0cd106fab03b20"},
    {file = "msgspec-0.12.0-cp310-cp310-musllinux_1_1_x86_64.whl", hash = "sha256:237ebaeb409269a001ba29dbb3f9fe760db63bc82d013b989733e6ec59ef2cf4"},
    {file = "msgspec-0.12.0-cp310-cp310-win_amd64.whl", hash = "sha256:e010bab6128d1700d7bf70cbe7ce33a54cfeedf15c11f015712dcc0c062ca571"},
    {file = "msgspec-0.12.0-cp311-cp311-macosx_10_9_x86_64.whl", hash = "sha256:ebe1cd8c42e85dbf59ede8ef1e4f8f73897664a3a3341f16a7616bb31fe21f2c"},
    {file = "msgspec-0.12.0-cp311-cp311-macosx_11_0_arm64.whl", hash = "sha256:72b55df12dbcd89f636165bc1b76ac174917e7756105496b685a7970f5e9d70c"},
    {file = "msgspec-0.12.0-cp311-cp311-manylinux_2_17_aarch64.manylinux2014_aarch64.whl", hash = "sha256:bffa75be17ec2d4953c8068cbe6cd9b064dd0403ec6b04dc45d0dfdd9ca2cf36"},
    {file = "msgspec-0.12.0-cp311-cp311-manylinux_2_17_x86_64.manylinux2014_x86_64.whl", hash = "sha256:ad43ccaf17deee41ed84dacc6619d2ccd3847fdebe9fc5f2b887bbf4b938724f"},
    {file = "msgspec-0.12.0-cp311-cp311-musllinux_1_1_aarch64.whl", hash = "sha256:f3177bd78b5a4e1663ee9279889d89b574acf619aa29aee84f86c00ca259016d"},
    {file = "msgspec-0.12.0-cp311-cp311-musllinux_1_1_x86_64.whl", hash = "sha256:98bc70226b858218920a25b85906e61ada41898b8f2fc1f41af31d9628353e04"},
    {file = "msgspec-0.12.0-cp311-cp311-win_amd64.whl", hash = "sha256:c9e3adf5f7a8aa6a1359ebe9e738d6b7b25389c942b1d7f8849981ff62ed3d8e"},
    {file = "msgspec-0.12.0-cp38-cp38-macosx_10_9_x86_64.whl", hash = "sha256:1d5a6a08fa1bd2b4e29b076c84ae6159a33f4256b88d6c6c55df9de04e225a5a"},
    {file = "msgspec-0.12.0-cp38-cp38-macosx_11_0_arm64.whl", hash = "sha256:b25a98e7f99dcb86ffec7b462222703fe87bc6e299be31d1a68a657dc7317498"},
    {file = "msgspec-0.12.0-cp38-cp38-manylinux_2_17_aarch64.manylinux2014_aarch64.whl", hash = "sha256:ce9bda08bb1f9372d7da112cd697993f238fc22fbc72accd1dfb50eb22b68c23"},
    {file = "msgspec-0.12.0-cp38-cp38-manylinux_2_17_x86_64.manylinux2014_x86_64.whl", hash = "sha256:8c905ba72400a0593c6244691d78e450036b8f54a05b9544740e47ed35f739af"},
    {file = "msgspec-0.12.0-cp38-cp38-musllinux_1_1_aarch64.whl", hash = "sha256:04aff2b6404d54637170235983c67a231326a2b73a96a93f63c903f4a3e5701a"},
    {file = "msgspec-0.12.0-cp38-cp38-musllinux_1_1_x86_64.whl", hash = "sha256:8e784500de56c89db90f0b5c8043999dd128260aa4fd111fb3b65566140b7830"},
    {file = "msgspec-0.12.0-cp38-cp38-win_amd64.whl", hash = "sha256:318583cfad415d5c6bbb9e87a8a998de353146b64ac202c90a3d9396a5ea6b97"},
    {file = "msgspec-0.12.0-cp39-cp39-macosx_10_9_x86_64.whl", hash = "sha256:769e6d442969c0238c65b078b4962af19f4c1d875a4dc93267ed6cad4d887b47"},
    {file = "msgspec-0.12.0-cp39-cp39-macosx_11_0_arm64.whl", hash = "sha256:f71332e8969436ebc8bc3bb455d5c47a65ccaf236f7267e369959f2fcaf88bf3"},
    {file = "msgspec-0.12.0-cp39-cp39-manylinux_2_17_aarch64.manylinux2014_aarch64.whl", hash = "sha256:faf7510ff87d086e21503f8504ca0550161fdfb1a025d9060a90a3e58d727be4"},
    {file = "msgspec-0.12.0-cp39-cp39-manylinux_2_17_x86_64.manylinux2014_x86_64.whl", hash = "sha256:2886e45bef04db383649e30fba56f2124c84ce6455deff6689e7dc9dc4926329"},
    {file = "msgspec-0.12.0-cp39-cp39-musllinux_1_1_aarch64.whl", hash = "sha256:7c281bd01931456cf01d553bdce315cf148bfa3565be01390f12800c39f75797"},
    {file = "msgspec-0.12.0-cp39-cp39-musllinux_1_1_x86_64.whl", hash = "sha256:54c061e764f80c915fd86db8bfe48c88fc8c6047649fc8a5900a03dda745e600"},
    {file = "msgspec-0.12.0-cp39-cp39-win_amd64.whl", hash = "sha256:cc7f0555b4cb8c74cca6d13040b3fd9e7adafc0fff273203a13064453c28d32f"},
    {file = "msgspec-0.12.0.tar.gz", hash = "sha256:d8fe529a2414a1a5d3ccb1e875b164cc4f56614750c7b27c85006808f5658489"},
]

[[package]]
name = "packaging"
version = "23.0"
description = "Core utilities for Python packages"
category = "dev"
optional = false
python-versions = ">=3.7"
files = [
    {file = "packaging-23.0-py3-none-any.whl", hash = "sha256:714ac14496c3e68c99c29b00845f7a2b85f3bb6f1078fd9f72fd20f0570002b2"},
    {file = "packaging-23.0.tar.gz", hash = "sha256:b6ad297f8907de0fa2fe1ccbd26fdaf387f5f47c7275fedf8cce89f99446cf97"},
]

[[package]]
name = "pluggy"
version = "1.0.0"
description = "plugin and hook calling mechanisms for python"
category = "dev"
optional = false
python-versions = ">=3.6"
files = [
    {file = "pluggy-1.0.0-py2.py3-none-any.whl", hash = "sha256:74134bbf457f031a36d68416e1509f34bd5ccc019f0bcc952c7b909d06b37bd3"},
    {file = "pluggy-1.0.0.tar.gz", hash = "sha256:4224373bacce55f955a878bf9cfa763c1e360858e330072059e10bad68531159"},
]

[package.extras]
dev = ["pre-commit", "tox"]
testing = ["pytest", "pytest-benchmark"]

[[package]]
name = "py-cpuinfo"
version = "9.0.0"
description = "Get CPU info with pure Python"
category = "dev"
optional = false
python-versions = "*"
files = [
    {file = "py-cpuinfo-9.0.0.tar.gz", hash = "sha256:3cdbbf3fac90dc6f118bfd64384f309edeadd902d7c8fb17f02ffa1fc3f49690"},
    {file = "py_cpuinfo-9.0.0-py3-none-any.whl", hash = "sha256:859625bc251f64e21f077d099d4162689c762b5d6a4c3c97553d56241c9674d5"},
]

[[package]]
name = "pytest"
version = "7.2.1"
description = "pytest: simple powerful testing with Python"
category = "dev"
optional = false
python-versions = ">=3.7"
files = [
    {file = "pytest-7.2.1-py3-none-any.whl", hash = "sha256:c7c6ca206e93355074ae32f7403e8ea12163b1163c976fee7d4d84027c162be5"},
    {file = "pytest-7.2.1.tar.gz", hash = "sha256:d45e0952f3727241918b8fd0f376f5ff6b301cc0777c6f9a556935c92d8a7d42"},
]

[package.dependencies]
attrs = ">=19.2.0"
colorama = {version = "*", markers = "sys_platform == \"win32\""}
exceptiongroup = {version = ">=1.0.0rc8", markers = "python_version < \"3.11\""}
iniconfig = "*"
packaging = "*"
pluggy = ">=0.12,<2.0"
tomli = {version = ">=1.0.0", markers = "python_version < \"3.11\""}

[package.extras]
testing = ["argcomplete", "hypothesis (>=3.56)", "mock", "nose", "pygments (>=2.7.2)", "requests", "xmlschema"]

[[package]]
name = "pytest-benchmark"
version = "4.0.0"
description = "A ``pytest`` fixture for benchmarking code. It will group the tests into rounds that are calibrated to the chosen timer."
category = "dev"
optional = false
python-versions = ">=3.7"
files = [
    {file = "pytest-benchmark-4.0.0.tar.gz", hash = "sha256:fb0785b83efe599a6a956361c0691ae1dbb5318018561af10f3e915caa0048d1"},
    {file = "pytest_benchmark-4.0.0-py3-none-any.whl", hash = "sha256:fdb7db64e31c8b277dff9850d2a2556d8b60bcb0ea6524e36e28ffd7c87f71d6"},
]

[package.dependencies]
py-cpuinfo = "*"
pytest = ">=3.8"

[package.extras]
aspect = ["aspectlib"]
elasticsearch = ["elasticsearch"]
histogram = ["pygal", "pygaljs"]

[[package]]
name = "tomli"
version = "2.0.1"
description = "A lil' TOML parser"
category = "dev"
optional = false
python-versions = ">=3.7"
files = [
    {file = "tomli-2.0.1-py3-none-any.whl", hash = "sha256:939de3e7a6161af0c887ef91b7d41a53e7c5a1ca976325f429cb46ea9bc30ecc"},
    {file = "tomli-2.0.1.tar.gz", hash = "sha256:de526c12914f0c550d15924c62d72abc48d6fe7364aa87328337a31007fe8a4f"},
]

[metadata]
lock-version = "2.0"
python-versions = ">=3.8,<4.0"
content-hash = "1c6527f37442230e7a9c4b834d6a0e0379202a1fd817e0d24b99ce5a7d911fbb"
