[[package]]
name = "attrs"
version = "22.1.0"
description = "Classes Without Boilerplate"
category = "dev"
optional = false
python-versions = ">=3.5"

[package.extras]
dev = ["cloudpickle", "coverage[toml] (>=5.0.2)", "furo", "hypothesis", "mypy (>=0.900,!=0.940)", "pre-commit", "pympler", "pytest (>=4.3.0)", "pytest-mypy-plugins", "sphinx", "sphinx-notfound-page", "zope.interface"]
docs = ["furo", "sphinx", "sphinx-notfound-page", "zope.interface"]
tests = ["cloudpickle", "coverage[toml] (>=5.0.2)", "hypothesis", "mypy (>=0.900,!=0.940)", "pympler", "pytest (>=4.3.0)", "pytest-mypy-plugins", "zope.interface"]
tests-no-zope = ["cloudpickle", "coverage[toml] (>=5.0.2)", "hypothesis", "mypy (>=0.900,!=0.940)", "pympler", "pytest (>=4.3.0)", "pytest-mypy-plugins"]

[[package]]
name = "colorama"
version = "0.4.6"
description = "Cross-platform colored terminal text."
category = "dev"
optional = false
python-versions = "!=3.0.*,!=3.1.*,!=3.2.*,!=3.3.*,!=3.4.*,!=3.5.*,!=3.6.*,>=2.7"

[[package]]
name = "exceptiongroup"
version = "1.0.1"
description = "Backport of PEP 654 (exception groups)"
category = "dev"
optional = false
python-versions = ">=3.7"

[package.extras]
test = ["pytest (>=6)"]

[[package]]
name = "fsspec"
version = "2022.10.0"
description = "File-system specification"
category = "main"
optional = false
python-versions = ">=3.7"

[package.extras]
abfs = ["adlfs"]
adl = ["adlfs"]
arrow = ["pyarrow (>=1)"]
dask = ["dask", "distributed"]
dropbox = ["dropbox", "dropboxdrivefs", "requests"]
entrypoints = ["importlib-metadata"]
fuse = ["fusepy"]
gcs = ["gcsfs"]
git = ["pygit2"]
github = ["requests"]
gs = ["gcsfs"]
gui = ["panel"]
hdfs = ["pyarrow (>=1)"]
http = ["aiohttp (!=4.0.0a0,!=4.0.0a1)", "requests"]
libarchive = ["libarchive-c"]
oci = ["ocifs"]
s3 = ["s3fs"]
sftp = ["paramiko"]
smb = ["smbprotocol"]
ssh = ["paramiko"]
tqdm = ["tqdm"]

[[package]]
name = "iniconfig"
version = "1.1.1"
description = "iniconfig: brain-dead simple config-ini parsing"
category = "dev"
optional = false
python-versions = "*"

[[package]]
name = "msgspec"
version = "0.9.1"
description = "A fast and friendly JSON/MessagePack library, with optional schema validation"
category = "main"
optional = false
python-versions = ">=3.8"

[[package]]
name = "packaging"
version = "21.3"
description = "Core utilities for Python packages"
category = "dev"
optional = false
python-versions = ">=3.6"

[package.dependencies]
pyparsing = ">=2.0.2,<3.0.5 || >3.0.5"

[[package]]
name = "pluggy"
version = "1.0.0"
description = "plugin and hook calling mechanisms for python"
category = "dev"
optional = false
python-versions = ">=3.6"

[package.extras]
dev = ["pre-commit", "tox"]
testing = ["pytest", "pytest-benchmark"]

[[package]]
name = "py-cpuinfo"
version = "9.0.0"
description = "Get CPU info with pure Python"
category = "dev"
optional = false
python-versions = "*"

[[package]]
name = "pyparsing"
version = "3.0.9"
description = "pyparsing module - Classes and methods to define and execute parsing grammars"
category = "dev"
optional = false
python-versions = ">=3.6.8"

[package.extras]
diagrams = ["jinja2", "railroad-diagrams"]

[[package]]
name = "pytest"
version = "7.2.0"
description = "pytest: simple powerful testing with Python"
category = "dev"
optional = false
python-versions = ">=3.7"

[package.dependencies]
attrs = ">=19.2.0"
colorama = {version = "*", markers = "sys_platform == \"win32\""}
exceptiongroup = {version = ">=1.0.0rc8", markers = "python_version < \"3.11\""}
iniconfig = "*"
packaging = "*"
pluggy = ">=0.12,<2.0"
tomli = {version = ">=1.0.0", markers = "python_version < \"3.11\""}

[package.extras]
testing = ["argcomplete", "hypothesis (>=3.56)", "mock", "nose", "pygments (>=2.7.2)", "requests", "xmlschema"]

[[package]]
name = "pytest-benchmark"
version = "4.0.0"
description = "A ``pytest`` fixture for benchmarking code. It will group the tests into rounds that are calibrated to the chosen timer."
category = "dev"
optional = false
python-versions = ">=3.7"

[package.dependencies]
py-cpuinfo = "*"
pytest = ">=3.8"

[package.extras]
aspect = ["aspectlib"]
elasticsearch = ["elasticsearch"]
histogram = ["pygal", "pygaljs"]

[[package]]
name = "tomli"
version = "2.0.1"
description = "A lil' TOML parser"
category = "dev"
optional = false
python-versions = ">=3.7"

[metadata]
lock-version = "1.1"
python-versions = ">=3.8,<3.12"
content-hash = "8affa26831076462d4aed791fd7dd318bfc9daccff0fcda7e322f17ed3534b30"

[metadata.files]
attrs = [
    {file = "attrs-22.1.0-py2.py3-none-any.whl", hash = "sha256:86efa402f67bf2df34f51a335487cf46b1ec130d02b8d39fd248abfd30da551c"},
    {file = "attrs-22.1.0.tar.gz", hash = "sha256:29adc2665447e5191d0e7c568fde78b21f9672d344281d0c6e1ab085429b22b6"},
]
colorama = [
    {file = "colorama-0.4.6-py2.py3-none-any.whl", hash = "sha256:4f1d9991f5acc0ca119f9d443620b77f9d6b33703e51011c16baf57afb285fc6"},
    {file = "colorama-0.4.6.tar.gz", hash = "sha256:08695f5cb7ed6e0531a20572697297273c47b8cae5a63ffc6d6ed5c201be6e44"},
]
exceptiongroup = [
    {file = "exceptiongroup-1.0.1-py3-none-any.whl", hash = "sha256:4d6c0aa6dd825810941c792f53d7b8d71da26f5e5f84f20f9508e8f2d33b140a"},
    {file = "exceptiongroup-1.0.1.tar.gz", hash = "sha256:73866f7f842ede6cb1daa42c4af078e2035e5f7607f0e2c762cc51bb31bbe7b2"},
]
fsspec = [
    {file = "fsspec-2022.10.0-py3-none-any.whl", hash = "sha256:6b7c6ab3b476cdf17efcfeccde7fca28ef5a48f73a71010aaceec5fc15bf9ebf"},
    {file = "fsspec-2022.10.0.tar.gz", hash = "sha256:cb6092474e90487a51de768170f3afa50ca8982c26150a59072b16433879ff1d"},
]
iniconfig = [
    {file = "iniconfig-1.1.1-py2.py3-none-any.whl", hash = "sha256:011e24c64b7f47f6ebd835bb12a743f2fbe9a26d4cecaa7f53bc4f35ee9da8b3"},
    {file = "iniconfig-1.1.1.tar.gz", hash = "sha256:bc3af051d7d14b2ee5ef9969666def0cd1a000e121eaea580d4a313df4b37f32"},
]
msgspec = [
    {file = "msgspec-0.9.1-cp310-cp310-macosx_10_9_x86_64.whl", hash = "sha256:22f9d68607a9c1d4c9770046f7c22f97c45c57e5a6fcc8d97715af94071f384c"},
    {file = "msgspec-0.9.1-cp310-cp310-macosx_11_0_arm64.whl", hash = "sha256:f4ad9182ae2597fe5507d7ac666cdf568fa2bb9774e03d03ffafed5f58503292"},
    {file = "msgspec-0.9.1-cp310-cp310-manylinux_2_17_aarch64.manylinux2014_aarch64.whl", hash = "sha256:a1cc6d427a74ffd396d9f2a1a6a5a091337b77d0757a11157408e395cc7c5246"},
    {file = "msgspec-0.9.1-cp310-cp310-manylinux_2_17_x86_64.manylinux2014_x86_64.whl", hash = "sha256:3885b569eb78c7cee3c2ab6c312a477fdd2fdc1e395d7fecfa5db5c17d689df1"},
    {file = "msgspec-0.9.1-cp310-cp310-musllinux_1_1_aarch64.whl", hash = "sha256:b1d1fe0ca534cf60dc7b98d268588527c12ffd63d8c55c8bddaf35c43830590a"},
    {file = "msgspec-0.9.1-cp310-cp310-musllinux_1_1_x86_64.whl", hash = "sha256:172e14a783d3c0580c88e6a4506b64a1ea397d8c614e1a169ef0461083ea97ed"},
    {file = "msgspec-0.9.1-cp310-cp310-win_amd64.whl", hash = "sha256:851dc6d686f7c876fe895c4921aa9887aa1f303a593f16c4816811f9f99d56e2"},
    {file = "msgspec-0.9.1-cp311-cp311-macosx_10_9_x86_64.whl", hash = "sha256:d550937a65a455de5b1fcb6e9eb60cee349cf421f31234195b51ca286e607a0d"},
    {file = "msgspec-0.9.1-cp311-cp311-macosx_11_0_arm64.whl", hash = "sha256:9516612c285535effdca6d9b74c2f23f1947711b86e93e4a6f99d307474de580"},
    {file = "msgspec-0.9.1-cp311-cp311-manylinux_2_17_aarch64.manylinux2014_aarch64.whl", hash = "sha256:b249dc07bd934339420fa422f674e2ea10794e21a8ce5b6c8bd5d8fa19481342"},
    {file = "msgspec-0.9.1-cp311-cp311-manylinux_2_17_x86_64.manylinux2014_x86_64.whl", hash = "sha256:fb2d0b74b08115c7c4b06b5e373560970afcea06b810f47306e247a529d5ac25"},
    {file = "msgspec-0.9.1-cp311-cp311-musllinux_1_1_aarch64.whl", hash = "sha256:c737920ee52e3662321ccbcc00419e411608f5feb29a1007904b7885b26ab9a4"},
    {file = "msgspec-0.9.1-cp311-cp311-musllinux_1_1_x86_64.whl", hash = "sha256:10c7d70564d35304f7f423ec6a894e5a029f90c9691b19ed18a3e10f0bf40fbc"},
    {file = "msgspec-0.9.1-cp311-cp311-win_amd64.whl", hash = "sha256:0799a8b63be00c58c55325e9974effac3e76dff416d8f7e7b867db09ed2c978b"},
    {file = "msgspec-0.9.1-cp38-cp38-macosx_10_9_x86_64.whl", hash = "sha256:84b344ada028426bfcca9015aa9379f742435cd1633316fbaf0edde7199fdb8c"},
    {file = "msgspec-0.9.1-cp38-cp38-macosx_11_0_arm64.whl", hash = "sha256:c867df64eb80b723c8b9ee7bd5fc21664d31eeb64002af4747f46a64a71e5913"},
    {file = "msgspec-0.9.1-cp38-cp38-manylinux_2_17_aarch64.manylinux2014_aarch64.whl", hash = "sha256:90026c2fa34ddaa79d56dcde0d45ca0d22327730e2b130145096fe9c8f9e5a06"},
    {file = "msgspec-0.9.1-cp38-cp38-manylinux_2_17_x86_64.manylinux2014_x86_64.whl", hash = "sha256:d2da67a1f4c7528054f1697b551289f9bd400704a78a1c4d53f4996dfdf79e7f"},
    {file = "msgspec-0.9.1-cp38-cp38-musllinux_1_1_aarch64.whl", hash = "sha256:6e652314394f027e34d0fd33aebefc3361ca2a49dfd3651d259703ef4965e1a0"},
    {file = "msgspec-0.9.1-cp38-cp38-musllinux_1_1_x86_64.whl", hash = "sha256:a115c09c10df17516198896877f3044a7fd773f825a4d9a07d2579a861f00356"},
    {file = "msgspec-0.9.1-cp38-cp38-win_amd64.whl", hash = "sha256:c841a0b534898880e3e8c3b167670b962f35451693194d5414234904d5479816"},
    {file = "msgspec-0.9.1-cp39-cp39-macosx_10_9_x86_64.whl", hash = "sha256:5fa772cf19b5f878554555b17c1e45830f6b0b0d838582d72953d2f24beb4d49"},
    {file = "msgspec-0.9.1-cp39-cp39-macosx_11_0_arm64.whl", hash = "sha256:b7326e071720284ac5e0017697bf01d8f5e14309fbeef34def378207c53bcdc2"},
    {file = "msgspec-0.9.1-cp39-cp39-manylinux_2_17_aarch64.manylinux2014_aarch64.whl", hash = "sha256:393f4eba17457882aa646b5c97a8ff6a7f9c85a77175edd4f927c4efd9663933"},
    {file = "msgspec-0.9.1-cp39-cp39-manylinux_2_17_x86_64.manylinux2014_x86_64.whl", hash = "sha256:5884f17d7cc8500616f0f0919b872b95fbefb90188ac3bc1b752f2d9dad20b05"},
    {file = "msgspec-0.9.1-cp39-cp39-musllinux_1_1_aarch64.whl", hash = "sha256:7972addcdd184c0560cc729182771d78e6f2bb7abc85368f632c6b69f90d5b6d"},
    {file = "msgspec-0.9.1-cp39-cp39-musllinux_1_1_x86_64.whl", hash = "sha256:472d9931d09c92afa89b3637d6ca82f7fd513b428da1939a1ce3b51ad64b3f6d"},
    {file = "msgspec-0.9.1-cp39-cp39-win_amd64.whl", hash = "sha256:deb1a5eb18f7d457b4d4ee8086dc89030ed511c7269e0cbb6550b5e80f3453d2"},
    {file = "msgspec-0.9.1.tar.gz", hash = "sha256:a792b0ca37b467be942675d3865847370f56022a83a42e4464e3505d276ab1cd"},
]
packaging = [
    {file = "packaging-21.3-py3-none-any.whl", hash = "sha256:ef103e05f519cdc783ae24ea4e2e0f508a9c99b2d4969652eed6a2e1ea5bd522"},
    {file = "packaging-21.3.tar.gz", hash = "sha256:dd47c42927d89ab911e606518907cc2d3a1f38bbd026385970643f9c5b8ecfeb"},
]
pluggy = [
    {file = "pluggy-1.0.0-py2.py3-none-any.whl", hash = "sha256:74134bbf457f031a36d68416e1509f34bd5ccc019f0bcc952c7b909d06b37bd3"},
    {file = "pluggy-1.0.0.tar.gz", hash = "sha256:4224373bacce55f955a878bf9cfa763c1e360858e330072059e10bad68531159"},
]
py-cpuinfo = [
    {file = "py-cpuinfo-9.0.0.tar.gz", hash = "sha256:3cdbbf3fac90dc6f118bfd64384f309edeadd902d7c8fb17f02ffa1fc3f49690"},
    {file = "py_cpuinfo-9.0.0-py3-none-any.whl", hash = "sha256:859625bc251f64e21f077d099d4162689c762b5d6a4c3c97553d56241c9674d5"},
]
pyparsing = [
    {file = "pyparsing-3.0.9-py3-none-any.whl", hash = "sha256:5026bae9a10eeaefb61dab2f09052b9f4307d44aee4eda64b309723d8d206bbc"},
    {file = "pyparsing-3.0.9.tar.gz", hash = "sha256:2b020ecf7d21b687f219b71ecad3631f644a47f01403fa1d1036b0c6416d70fb"},
]
pytest = [
    {file = "pytest-7.2.0-py3-none-any.whl", hash = "sha256:892f933d339f068883b6fd5a459f03d85bfcb355e4981e146d2c7616c21fef71"},
    {file = "pytest-7.2.0.tar.gz", hash = "sha256:c4014eb40e10f11f355ad4e3c2fb2c6c6d1919c73f3b5a433de4708202cade59"},
]
pytest-benchmark = [
    {file = "pytest-benchmark-4.0.0.tar.gz", hash = "sha256:fb0785b83efe599a6a956361c0691ae1dbb5318018561af10f3e915caa0048d1"},
    {file = "pytest_benchmark-4.0.0-py3-none-any.whl", hash = "sha256:fdb7db64e31c8b277dff9850d2a2556d8b60bcb0ea6524e36e28ffd7c87f71d6"},
]
tomli = [
    {file = "tomli-2.0.1-py3-none-any.whl", hash = "sha256:939de3e7a6161af0c887ef91b7d41a53e7c5a1ca976325f429cb46ea9bc30ecc"},
    {file = "tomli-2.0.1.tar.gz", hash = "sha256:de526c12914f0c550d15924c62d72abc48d6fe7364aa87328337a31007fe8a4f"},
]
