# This file is automatically @generated by Poetry 1.4.2 and should not be changed by hand.

[[package]]
name = "colorama"
version = "0.4.6"
description = "Cross-platform colored terminal text."
category = "dev"
optional = false
python-versions = "!=3.0.*,!=3.1.*,!=3.2.*,!=3.3.*,!=3.4.*,!=3.5.*,!=3.6.*,>=2.7"
files = [
    {file = "colorama-0.4.6-py2.py3-none-any.whl", hash = "sha256:4f1d9991f5acc0ca119f9d443620b77f9d6b33703e51011c16baf57afb285fc6"},
    {file = "colorama-0.4.6.tar.gz", hash = "sha256:08695f5cb7ed6e0531a20572697297273c47b8cae5a63ffc6d6ed5c201be6e44"},
]

[[package]]
name = "exceptiongroup"
version = "1.1.1"
description = "Backport of PEP 654 (exception groups)"
category = "dev"
optional = false
python-versions = ">=3.7"
files = [
    {file = "exceptiongroup-1.1.1-py3-none-any.whl", hash = "sha256:232c37c63e4f682982c8b6459f33a8981039e5fb8756b2074364e5055c498c9e"},
    {file = "exceptiongroup-1.1.1.tar.gz", hash = "sha256:d484c3090ba2889ae2928419117447a14daf3c1231d5e30d0aae34f354f01785"},
]

[package.extras]
test = ["pytest (>=6)"]

[[package]]
name = "fsspec"
version = "2023.5.0"
description = "File-system specification"
category = "main"
optional = false
python-versions = ">=3.8"
files = [
    {file = "fsspec-2023.5.0-py3-none-any.whl", hash = "sha256:51a4ad01a5bb66fcc58036e288c0d53d3975a0df2a5dc59a93b59bade0391f2a"},
    {file = "fsspec-2023.5.0.tar.gz", hash = "sha256:b3b56e00fb93ea321bc9e5d9cf6f8522a0198b20eb24e02774d329e9c6fb84ce"},
]

[package.extras]
abfs = ["adlfs"]
adl = ["adlfs"]
arrow = ["pyarrow (>=1)"]
dask = ["dask", "distributed"]
devel = ["pytest", "pytest-cov"]
dropbox = ["dropbox", "dropboxdrivefs", "requests"]
full = ["adlfs", "aiohttp (!=4.0.0a0,!=4.0.0a1)", "dask", "distributed", "dropbox", "dropboxdrivefs", "fusepy", "gcsfs", "libarchive-c", "ocifs", "panel", "paramiko", "pyarrow (>=1)", "pygit2", "requests", "s3fs", "smbprotocol", "tqdm"]
fuse = ["fusepy"]
gcs = ["gcsfs"]
git = ["pygit2"]
github = ["requests"]
gs = ["gcsfs"]
gui = ["panel"]
hdfs = ["pyarrow (>=1)"]
http = ["aiohttp (!=4.0.0a0,!=4.0.0a1)", "requests"]
libarchive = ["libarchive-c"]
oci = ["ocifs"]
s3 = ["s3fs"]
sftp = ["paramiko"]
smb = ["smbprotocol"]
ssh = ["paramiko"]
tqdm = ["tqdm"]

[[package]]
name = "iniconfig"
version = "2.0.0"
description = "brain-dead simple config-ini parsing"
category = "dev"
optional = false
python-versions = ">=3.7"
files = [
    {file = "iniconfig-2.0.0-py3-none-any.whl", hash = "sha256:b6a85871a79d2e3b22d2d1b94ac2824226a63c6b741c88f7ae975f18b6778374"},
    {file = "iniconfig-2.0.0.tar.gz", hash = "sha256:2d91e135bf72d31a410b17c16da610a82cb55f6b0477d1a902134b24a455b8b3"},
]

[[package]]
name = "msgspec"
version = "0.15.0"
description = "A fast serialization and validation library, with builtin support for JSON, MessagePack, YAML, and TOML."
category = "main"
optional = false
python-versions = ">=3.8"
files = [
    {file = "msgspec-0.15.0-cp310-cp310-macosx_10_9_x86_64.whl", hash = "sha256:415519f68cd3f1a224f87ed415459ac3b86e4f6e82815a036e4238c62006f696"},
    {file = "msgspec-0.15.0-cp310-cp310-macosx_11_0_arm64.whl", hash = "sha256:2b57b6869ef1717c0343465198e19284d1e6aa5f292af2726284e4dfedfedeef"},
    {file = "msgspec-0.15.0-cp310-cp310-manylinux_2_17_aarch64.manylinux2014_aarch64.whl", hash = "sha256:ff80bd40469915cc61686086a2503b901e17040f8a191099d8ccaa45dc72df8c"},
    {file = "msgspec-0.15.0-cp310-cp310-manylinux_2_17_x86_64.manylinux2014_x86_64.whl", hash = "sha256:beb3789519253b22338cca48053ba5ac8b442633e3af8f58e264d776a98ff6d0"},
    {file = "msgspec-0.15.0-cp310-cp310-musllinux_1_1_aarch64.whl", hash = "sha256:bf3ab3f8d5752dbe68babc77d21b42575b916793515442e3890aef680e212154"},
    {file = "msgspec-0.15.0-cp310-cp310-musllinux_1_1_x86_64.whl", hash = "sha256:05fc603508e0c8021249d3e531fa4bb72d167bdfa76d869d48f96a5b8f9b50bf"},
    {file = "msgspec-0.15.0-cp310-cp310-win_amd64.whl", hash = "sha256:42c2f9fe0b58dc6f2b15720490c67554b5ba0007d3ee94340ca4448bda917287"},
    {file = "msgspec-0.15.0-cp311-cp311-macosx_10_9_x86_64.whl", hash = "sha256:0c75fd847709e30265f050375c408fec1c07797694162834aa86ab3b3cf055da"},
    {file = "msgspec-0.15.0-cp311-cp311-macosx_11_0_arm64.whl", hash = "sha256:381c7a891adcc741e617956ba987912bc21864f9dd27b8cfb03bfb0aded5e1fd"},
    {file = "msgspec-0.15.0-cp311-cp311-manylinux_2_17_aarch64.manylinux2014_aarch64.whl", hash = "sha256:8a46a9818570362d4022161684cdb97ecd102953043059ee4902862940f48f8d"},
    {file = "msgspec-0.15.0-cp311-cp311-manylinux_2_17_x86_64.manylinux2014_x86_64.whl", hash = "sha256:20bf8018bff6bb85f5315ba6fd47b2f9373ab67e8bb59b0d7a7def22bbbf9f70"},
    {file = "msgspec-0.15.0-cp311-cp311-musllinux_1_1_aarch64.whl", hash = "sha256:8cee590163788fce21c5998d09198ef08ec06c1ca68ef50f2d5ed9e54d308538"},
    {file = "msgspec-0.15.0-cp311-cp311-musllinux_1_1_x86_64.whl", hash = "sha256:9d61de44b248feef82c8979a1e9912c923527cfb1d01c93b7bb5d6ca93ed09d6"},
    {file = "msgspec-0.15.0-cp311-cp311-win_amd64.whl", hash = "sha256:8b7e0354c37b742e1c02fe0cd3ced97db516c8da62ac5a408609e9f5858aaf24"},
    {file = "msgspec-0.15.0-cp38-cp38-macosx_10_9_x86_64.whl", hash = "sha256:1b5b7c1b69416eab3ab2ad1c9593b749226b80555532292fae5fe9d154794089"},
    {file = "msgspec-0.15.0-cp38-cp38-macosx_11_0_arm64.whl", hash = "sha256:cc253e4ad51d360590358ab2cee5a6139f04ad994e0fcbff52e7f61fca475c3e"},
    {file = "msgspec-0.15.0-cp38-cp38-manylinux_2_17_aarch64.manylinux2014_aarch64.whl", hash = "sha256:490c88d76d573cce16653434ace3d9a8a8675ef6e350f114752fe60e69b6a232"},
    {file = "msgspec-0.15.0-cp38-cp38-manylinux_2_17_x86_64.manylinux2014_x86_64.whl", hash = "sha256:fffa7ec85f27577f7f5471b390bf902d58ccd89b3612cf40bfb92f4ba75e6c95"},
    {file = "msgspec-0.15.0-cp38-cp38-musllinux_1_1_aarch64.whl", hash = "sha256:22713a1f618b4094c0268c6fbeef530397e5f3fa5292e4afd51caddad645843f"},
    {file = "msgspec-0.15.0-cp38-cp38-musllinux_1_1_x86_64.whl", hash = "sha256:c4c7e0abfac3a67f3e1d51e1d1313fd4205528e17663ff264b1945c3370b18bd"},
    {file = "msgspec-0.15.0-cp38-cp38-win_amd64.whl", hash = "sha256:cd198ed4445914ebc25a24b6cc6020902bb6b888fc9b39500ef4500841b1b437"},
    {file = "msgspec-0.15.0-cp39-cp39-macosx_10_9_x86_64.whl", hash = "sha256:ddef8fdc06676dd1bec9fe67b3128f84079469ee6424384cbb29a90c9033b559"},
    {file = "msgspec-0.15.0-cp39-cp39-macosx_11_0_arm64.whl", hash = "sha256:346960762d648a6512b51f30be7c1267630e0bbc6fd65e8b23a3f54e5f562656"},
    {file = "msgspec-0.15.0-cp39-cp39-manylinux_2_17_aarch64.manylinux2014_aarch64.whl", hash = "sha256:07ee1d1a15e3b319dcd7326470216928a7b58d47460b253577ccd0ab5dcf5c3c"},
    {file = "msgspec-0.15.0-cp39-cp39-manylinux_2_17_x86_64.manylinux2014_x86_64.whl", hash = "sha256:550b359c49562d52849103b87b4f7381fbc0adf958afa316599befb9a3e3379e"},
    {file = "msgspec-0.15.0-cp39-cp39-musllinux_1_1_aarch64.whl", hash = "sha256:9178a7550a5516295c682e6e5c143782503719b4c816496349a4a0f1b62397ef"},
    {file = "msgspec-0.15.0-cp39-cp39-musllinux_1_1_x86_64.whl", hash = "sha256:4d3cde786110a92f764666b9f963b4389d5d1798bf1aca2422a59931d8d1f694"},
    {file = "msgspec-0.15.0-cp39-cp39-win_amd64.whl", hash = "sha256:f77cc91d3cb8a7bccfba28fe4aec537178384509bfce222f8eca287b7e5d0214"},
    {file = "msgspec-0.15.0.tar.gz", hash = "sha256:d760ff747165d84965791bfcd14588f61f111708036d80f1980387e3760035e7"},
]

[package.extras]
dev = ["attrs", "coverage", "furo", "gcovr", "ipython", "msgpack", "mypy", "pre-commit", "pyright", "pytest", "pyyaml", "sphinx", "sphinx-copybutton", "sphinx-design", "tomli", "tomli-w"]
doc = ["furo", "ipython", "sphinx", "sphinx-copybutton", "sphinx-design"]
test = ["attrs", "msgpack", "mypy", "pyright", "pytest", "pyyaml", "tomli", "tomli-w"]
toml = ["tomli", "tomli-w"]
yaml = ["pyyaml"]

[[package]]
name = "packaging"
version = "23.1"
description = "Core utilities for Python packages"
category = "dev"
optional = false
python-versions = ">=3.7"
files = [
    {file = "packaging-23.1-py3-none-any.whl", hash = "sha256:994793af429502c4ea2ebf6bf664629d07c1a9fe974af92966e4b8d2df7edc61"},
    {file = "packaging-23.1.tar.gz", hash = "sha256:a392980d2b6cffa644431898be54b0045151319d1e7ec34f0cfed48767dd334f"},
]

[[package]]
name = "pluggy"
version = "1.0.0"
description = "plugin and hook calling mechanisms for python"
category = "dev"
optional = false
python-versions = ">=3.6"
files = [
    {file = "pluggy-1.0.0-py2.py3-none-any.whl", hash = "sha256:74134bbf457f031a36d68416e1509f34bd5ccc019f0bcc952c7b909d06b37bd3"},
    {file = "pluggy-1.0.0.tar.gz", hash = "sha256:4224373bacce55f955a878bf9cfa763c1e360858e330072059e10bad68531159"},
]

[package.extras]
dev = ["pre-commit", "tox"]
testing = ["pytest", "pytest-benchmark"]

[[package]]
name = "py-cpuinfo"
version = "9.0.0"
description = "Get CPU info with pure Python"
category = "dev"
optional = false
python-versions = "*"
files = [
    {file = "py-cpuinfo-9.0.0.tar.gz", hash = "sha256:3cdbbf3fac90dc6f118bfd64384f309edeadd902d7c8fb17f02ffa1fc3f49690"},
    {file = "py_cpuinfo-9.0.0-py3-none-any.whl", hash = "sha256:859625bc251f64e21f077d099d4162689c762b5d6a4c3c97553d56241c9674d5"},
]

[[package]]
name = "pytest"
version = "7.3.1"
description = "pytest: simple powerful testing with Python"
category = "dev"
optional = false
python-versions = ">=3.7"
files = [
    {file = "pytest-7.3.1-py3-none-any.whl", hash = "sha256:3799fa815351fea3a5e96ac7e503a96fa51cc9942c3753cda7651b93c1cfa362"},
    {file = "pytest-7.3.1.tar.gz", hash = "sha256:434afafd78b1d78ed0addf160ad2b77a30d35d4bdf8af234fe621919d9ed15e3"},
]

[package.dependencies]
colorama = {version = "*", markers = "sys_platform == \"win32\""}
exceptiongroup = {version = ">=1.0.0rc8", markers = "python_version < \"3.11\""}
iniconfig = "*"
packaging = "*"
pluggy = ">=0.12,<2.0"
tomli = {version = ">=1.0.0", markers = "python_version < \"3.11\""}

[package.extras]
testing = ["argcomplete", "attrs (>=19.2.0)", "hypothesis (>=3.56)", "mock", "nose", "pygments (>=2.7.2)", "requests", "xmlschema"]

[[package]]
name = "pytest-benchmark"
version = "4.0.0"
description = "A ``pytest`` fixture for benchmarking code. It will group the tests into rounds that are calibrated to the chosen timer."
category = "dev"
optional = false
python-versions = ">=3.7"
files = [
    {file = "pytest-benchmark-4.0.0.tar.gz", hash = "sha256:fb0785b83efe599a6a956361c0691ae1dbb5318018561af10f3e915caa0048d1"},
    {file = "pytest_benchmark-4.0.0-py3-none-any.whl", hash = "sha256:fdb7db64e31c8b277dff9850d2a2556d8b60bcb0ea6524e36e28ffd7c87f71d6"},
]

[package.dependencies]
py-cpuinfo = "*"
pytest = ">=3.8"

[package.extras]
aspect = ["aspectlib"]
elasticsearch = ["elasticsearch"]
histogram = ["pygal", "pygaljs"]

[[package]]
name = "tomli"
version = "2.0.1"
description = "A lil' TOML parser"
category = "dev"
optional = false
python-versions = ">=3.7"
files = [
    {file = "tomli-2.0.1-py3-none-any.whl", hash = "sha256:939de3e7a6161af0c887ef91b7d41a53e7c5a1ca976325f429cb46ea9bc30ecc"},
    {file = "tomli-2.0.1.tar.gz", hash = "sha256:de526c12914f0c550d15924c62d72abc48d6fe7364aa87328337a31007fe8a4f"},
]

[metadata]
lock-version = "2.0"
python-versions = ">=3.9,<4.0"
content-hash = "c46212b429ed6737faeeeca042ea8fcdd06b674f0f4d679882bacc532465cc17"
